
Microsoft Visual Studio Solution File, Format Version 12.00
# Visual Studio Version 17
VisualStudioVersion = 17.10.34916.146
MinimumVisualStudioVersion = 10.0.40219.1
Project("{9A19103F-16F7-4668-BE54-9A1E7A4F7556}") = "LifestyleChecker.DataLayer", "LifestyleChecker.DataLayer\LifestyleChecker.DataLayer.csproj", "{D2EC72C2-1EF2-4AAC-922C-25B2666F8B63}"
EndProject
Project("{9A19103F-16F7-4668-BE54-9A1E7A4F7556}") = "LifestyleChecker.WebApi", "LifestyleChecker.WebApi\LifestyleChecker.WebApi.csproj", "{A88225AE-F107-48EB-989E-69C11CE7D116}"
EndProject
Project("{9A19103F-16F7-4668-BE54-9A1E7A4F7556}") = "LifestyleChecker.Framework", "LifestyleChecker.Framework\LifestyleChecker.Framework.csproj", "{FEF5B4B0-ACA3-4291-835F-A2B8D3442262}"
EndProject
Project("{9A19103F-16F7-4668-BE54-9A1E7A4F7556}") = "LifestyleChecker.WebApp", "LifestyleChecker.WebApp\LifestyleChecker.WebApp.csproj", "{5D76FBBE-4EDD-4D5B-88A7-43104DF5691F}"
EndProject
Project("{2150E333-8FDC-42A3-9474-1A3956D46DE8}") = "Tests", "Tests", "{C21E4584-C20C-4401-ADDE-3724635D4B51}"
EndProject
Project("{FAE04EC0-301F-11D3-BF4B-00C04F79EFBC}") = "LifestyleChecker.Framework.Tests", "LifestyleChecker.Framework.Tests\LifestyleChecker.Framework.Tests.csproj", "{F1ED4CEE-0051-4881-B74A-5B30ECC0FAB2}"
EndProject
Global
	GlobalSection(SolutionConfigurationPlatforms) = preSolution
		Debug|Any CPU = Debug|Any CPU
		Release|Any CPU = Release|Any CPU
	EndGlobalSection
	GlobalSection(ProjectConfigurationPlatforms) = postSolution
		{D2EC72C2-1EF2-4AAC-922C-25B2666F8B63}.Debug|Any CPU.ActiveCfg = Debug|Any CPU
		{D2EC72C2-1EF2-4AAC-922C-25B2666F8B63}.Debug|Any CPU.Build.0 = Debug|Any CPU
		{D2EC72C2-1EF2-4AAC-922C-25B2666F8B63}.Release|Any CPU.ActiveCfg = Release|Any CPU
		{D2EC72C2-1EF2-4AAC-922C-25B2666F8B63}.Release|Any CPU.Build.0 = Release|Any CPU
		{A88225AE-F107-48EB-989E-69C11CE7D116}.Debug|Any CPU.ActiveCfg = Debug|Any CPU
		{A88225AE-F107-48EB-989E-69C11CE7D116}.Debug|Any CPU.Build.0 = Debug|Any CPU
		{A88225AE-F107-48EB-989E-69C11CE7D116}.Release|Any CPU.ActiveCfg = Release|Any CPU
		{A88225AE-F107-48EB-989E-69C11CE7D116}.Release|Any CPU.Build.0 = Release|Any CPU
		{FEF5B4B0-ACA3-4291-835F-A2B8D3442262}.Debug|Any CPU.ActiveCfg = Debug|Any CPU
		{FEF5B4B0-ACA3-4291-835F-A2B8D3442262}.Debug|Any CPU.Build.0 = Debug|Any CPU
		{FEF5B4B0-ACA3-4291-835F-A2B8D3442262}.Release|Any CPU.ActiveCfg = Release|Any CPU
		{FEF5B4B0-ACA3-4291-835F-A2B8D3442262}.Release|Any CPU.Build.0 = Release|Any CPU
		{5D76FBBE-4EDD-4D5B-88A7-43104DF5691F}.Debug|Any CPU.ActiveCfg = Debug|Any CPU
		{5D76FBBE-4EDD-4D5B-88A7-43104DF5691F}.Debug|Any CPU.Build.0 = Debug|Any CPU
		{5D76FBBE-4EDD-4D5B-88A7-43104DF5691F}.Release|Any CPU.ActiveCfg = Release|Any CPU
		{5D76FBBE-4EDD-4D5B-88A7-43104DF5691F}.Release|Any CPU.Build.0 = Release|Any CPU
		{F1ED4CEE-0051-4881-B74A-5B30ECC0FAB2}.Debug|Any CPU.ActiveCfg = Debug|Any CPU
		{F1ED4CEE-0051-4881-B74A-5B30ECC0FAB2}.Debug|Any CPU.Build.0 = Debug|Any CPU
		{F1ED4CEE-0051-4881-B74A-5B30ECC0FAB2}.Release|Any CPU.ActiveCfg = Release|Any CPU
		{F1ED4CEE-0051-4881-B74A-5B30ECC0FAB2}.Release|Any CPU.Build.0 = Release|Any CPU
	EndGlobalSection
	GlobalSection(SolutionProperties) = preSolution
		HideSolutionNode = FALSE
	EndGlobalSection
	GlobalSection(NestedProjects) = preSolution
		{F1ED4CEE-0051-4881-B74A-5B30ECC0FAB2} = {C21E4584-C20C-4401-ADDE-3724635D4B51}
	EndGlobalSection
	GlobalSection(ExtensibilityGlobals) = postSolution
		SolutionGuid = {4B184662-1E05-4C56-87C8-5BA8F513E48E}
	EndGlobalSection
EndGlobal
